
Microsoft Visual Studio Solution File, Format Version 12.00
# Visual Studio Version 16
VisualStudioVersion = 16.0.29102.190
MinimumVisualStudioVersion = 10.0.40219.1
Project("{FAE04EC0-301F-11D3-BF4B-00C04F79EFBC}") = "PointExample", "PointExample\PointExample.csproj", "{4F95C98F-86C0-4F3A-9410-72852AA491CF}"
EndProject
Global
	GlobalSection(SolutionConfigurationPlatforms) = preSolution
		Debug|Any CPU = Debug|Any CPU
		Release|Any CPU = Release|Any CPU
	EndGlobalSection
	GlobalSection(ProjectConfigurationPlatforms) = postSolution
		{4F95C98F-86C0-4F3A-9410-72852AA491CF}.Debug|Any CPU.ActiveCfg = Debug|Any CPU
		{4F95C98F-86C0-4F3A-9410-72852AA491CF}.Debug|Any CPU.Build.0 = Debug|Any CPU
		{4F95C98F-86C0-4F3A-9410-72852AA491CF}.Release|Any CPU.ActiveCfg = Release|Any CPU
		{4F95C98F-86C0-4F3A-9410-72852AA491CF}.Release|Any CPU.Build.0 = Release|Any CPU
	EndGlobalSection
	GlobalSection(SolutionProperties) = preSolution
		HideSolutionNode = FALSE
	EndGlobalSection
	GlobalSection(ExtensibilityGlobals) = postSolution
		SolutionGuid = {EC693524-7F6E-4CC3-B20E-5F7B050E2E1E}
	EndGlobalSection
EndGlobal
